
Microsoft Visual Studio Solution File, Format Version 12.00
# Visual Studio Version 17
VisualStudioVersion = 17.11.35327.3
MinimumVisualStudioVersion = 10.0.40219.1
Project("{FAE04EC0-301F-11D3-BF4B-00C04F79EFBC}") = "Html", "Html\Html.csproj", "{5AD98904-0102-4E33-B876-8A377A41EF53}"
EndProject
Project("{FAE04EC0-301F-11D3-BF4B-00C04F79EFBC}") = "CssForm", "CssForm\CssForm.csproj", "{49C1234F-35F4-454C-95F1-45120144F9DC}"
EndProject
Project("{FAE04EC0-301F-11D3-BF4B-00C04F79EFBC}") = "CssTable", "CssTable\CssTable.csproj", "{EA377F41-7C98-4CC7-8152-59CBC14A5FA7}"
EndProject
Project("{FAE04EC0-301F-11D3-BF4B-00C04F79EFBC}") = "CssText", "CssText\CssText.csproj", "{68B597C1-48BD-40A3-A88D-E2CBABA3C574}"
EndProject
Project("{FAE04EC0-301F-11D3-BF4B-00C04F79EFBC}") = "ArraysWorking", "ArraysWorking\ArraysWorking.csproj", "{09BB370D-B2D9-4F67-ABE2-C11EBE93B295}"
EndProject
Project("{FAE04EC0-301F-11D3-BF4B-00C04F79EFBC}") = "ObjectsWorking", "ObjectsWorking\ObjectsWorking.csproj", "{9B6D0C5E-48B0-46E5-907E-C6AF2DAF5D66}"
EndProject
Project("{FAE04EC0-301F-11D3-BF4B-00C04F79EFBC}") = "TodoList", "TODOList\TodoList.csproj", "{9CB3B78A-A7D6-47D4-A5C9-827F4A93101C}"
EndProject
Project("{FAE04EC0-301F-11D3-BF4B-00C04F79EFBC}") = "TemperatureConversion", "TemperatureConversion\TemperatureConversion.csproj", "{7FCD47FE-A5BA-412B-AAFD-E1FA96EAA305}"
EndProject
Project("{FAE04EC0-301F-11D3-BF4B-00C04F79EFBC}") = "Classes", "Classes\Classes.csproj", "{60A64E15-9287-439B-923F-513B3ABFF2C4}"
EndProject
Global
	GlobalSection(SolutionConfigurationPlatforms) = preSolution
		Debug|Any CPU = Debug|Any CPU
		Release|Any CPU = Release|Any CPU
	EndGlobalSection
	GlobalSection(ProjectConfigurationPlatforms) = postSolution
		{5AD98904-0102-4E33-B876-8A377A41EF53}.Debug|Any CPU.ActiveCfg = Debug|Any CPU
		{5AD98904-0102-4E33-B876-8A377A41EF53}.Debug|Any CPU.Build.0 = Debug|Any CPU
		{5AD98904-0102-4E33-B876-8A377A41EF53}.Release|Any CPU.ActiveCfg = Release|Any CPU
		{5AD98904-0102-4E33-B876-8A377A41EF53}.Release|Any CPU.Build.0 = Release|Any CPU
		{49C1234F-35F4-454C-95F1-45120144F9DC}.Debug|Any CPU.ActiveCfg = Debug|Any CPU
		{49C1234F-35F4-454C-95F1-45120144F9DC}.Debug|Any CPU.Build.0 = Debug|Any CPU
		{49C1234F-35F4-454C-95F1-45120144F9DC}.Release|Any CPU.ActiveCfg = Release|Any CPU
		{49C1234F-35F4-454C-95F1-45120144F9DC}.Release|Any CPU.Build.0 = Release|Any CPU
		{EA377F41-7C98-4CC7-8152-59CBC14A5FA7}.Debug|Any CPU.ActiveCfg = Debug|Any CPU
		{EA377F41-7C98-4CC7-8152-59CBC14A5FA7}.Debug|Any CPU.Build.0 = Debug|Any CPU
		{EA377F41-7C98-4CC7-8152-59CBC14A5FA7}.Release|Any CPU.ActiveCfg = Release|Any CPU
		{EA377F41-7C98-4CC7-8152-59CBC14A5FA7}.Release|Any CPU.Build.0 = Release|Any CPU
		{68B597C1-48BD-40A3-A88D-E2CBABA3C574}.Debug|Any CPU.ActiveCfg = Debug|Any CPU
		{68B597C1-48BD-40A3-A88D-E2CBABA3C574}.Debug|Any CPU.Build.0 = Debug|Any CPU
		{68B597C1-48BD-40A3-A88D-E2CBABA3C574}.Release|Any CPU.ActiveCfg = Release|Any CPU
		{68B597C1-48BD-40A3-A88D-E2CBABA3C574}.Release|Any CPU.Build.0 = Release|Any CPU
		{09BB370D-B2D9-4F67-ABE2-C11EBE93B295}.Debug|Any CPU.ActiveCfg = Debug|Any CPU
		{09BB370D-B2D9-4F67-ABE2-C11EBE93B295}.Debug|Any CPU.Build.0 = Debug|Any CPU
		{09BB370D-B2D9-4F67-ABE2-C11EBE93B295}.Release|Any CPU.ActiveCfg = Release|Any CPU
		{09BB370D-B2D9-4F67-ABE2-C11EBE93B295}.Release|Any CPU.Build.0 = Release|Any CPU
		{9B6D0C5E-48B0-46E5-907E-C6AF2DAF5D66}.Debug|Any CPU.ActiveCfg = Debug|Any CPU
		{9B6D0C5E-48B0-46E5-907E-C6AF2DAF5D66}.Debug|Any CPU.Build.0 = Debug|Any CPU
		{9B6D0C5E-48B0-46E5-907E-C6AF2DAF5D66}.Release|Any CPU.ActiveCfg = Release|Any CPU
		{9B6D0C5E-48B0-46E5-907E-C6AF2DAF5D66}.Release|Any CPU.Build.0 = Release|Any CPU
		{9CB3B78A-A7D6-47D4-A5C9-827F4A93101C}.Debug|Any CPU.ActiveCfg = Debug|Any CPU
		{9CB3B78A-A7D6-47D4-A5C9-827F4A93101C}.Debug|Any CPU.Build.0 = Debug|Any CPU
		{9CB3B78A-A7D6-47D4-A5C9-827F4A93101C}.Release|Any CPU.ActiveCfg = Release|Any CPU
		{9CB3B78A-A7D6-47D4-A5C9-827F4A93101C}.Release|Any CPU.Build.0 = Release|Any CPU
		{7FCD47FE-A5BA-412B-AAFD-E1FA96EAA305}.Debug|Any CPU.ActiveCfg = Debug|Any CPU
		{7FCD47FE-A5BA-412B-AAFD-E1FA96EAA305}.Debug|Any CPU.Build.0 = Debug|Any CPU
		{7FCD47FE-A5BA-412B-AAFD-E1FA96EAA305}.Release|Any CPU.ActiveCfg = Release|Any CPU
		{7FCD47FE-A5BA-412B-AAFD-E1FA96EAA305}.Release|Any CPU.Build.0 = Release|Any CPU
		{60A64E15-9287-439B-923F-513B3ABFF2C4}.Debug|Any CPU.ActiveCfg = Debug|Any CPU
		{60A64E15-9287-439B-923F-513B3ABFF2C4}.Debug|Any CPU.Build.0 = Debug|Any CPU
		{60A64E15-9287-439B-923F-513B3ABFF2C4}.Release|Any CPU.ActiveCfg = Release|Any CPU
		{60A64E15-9287-439B-923F-513B3ABFF2C4}.Release|Any CPU.Build.0 = Release|Any CPU
	EndGlobalSection
	GlobalSection(SolutionProperties) = preSolution
		HideSolutionNode = FALSE
	EndGlobalSection
	GlobalSection(ExtensibilityGlobals) = postSolution
		SolutionGuid = {42AD40CC-F44D-4558-9EEE-BCE30F209C19}
	EndGlobalSection
EndGlobal
